// !$*UTF8*$!
{
	archiveVersion = 1;
	classes = {
	};
	objectVersion = 56;
	objects = {

/* Begin PBXBuildFile section */
		1A38000A2CABC1D800321B8C /* ErrorViewController.swift in Sources */ = {isa = PBXBuildFile; fileRef = 1A3800092CABC1D800321B8C /* ErrorViewController.swift */; };
		1A38000C2CAEE7B400321B8C /* LoadingView.swift in Sources */ = {isa = PBXBuildFile; fileRef = 1A38000B2CAEE7B400321B8C /* LoadingView.swift */; };
		1A6B33F82CAB9D14005A74FE /* DetailsViewModel.swift in Sources */ = {isa = PBXBuildFile; fileRef = 1A6B33F72CAB9D14005A74FE /* DetailsViewModel.swift */; };
		1A6B33FA2CAB9D36005A74FE /* DateHelper.swift in Sources */ = {isa = PBXBuildFile; fileRef = 1A6B33F92CAB9D36005A74FE /* DateHelper.swift */; };
		1A6B33FC2CAB9E23005A74FE /* DetailsVC + Action.swift in Sources */ = {isa = PBXBuildFile; fileRef = 1A6B33FB2CAB9E22005A74FE /* DetailsVC + Action.swift */; };
		1A7263AF2CB819ED0018E69B /* TopPlayersViewController.swift in Sources */ = {isa = PBXBuildFile; fileRef = 1A7263AE2CB819ED0018E69B /* TopPlayersViewController.swift */; };
		1A7263B22CB827CD0018E69B /* TopPlayersViewModel.swift in Sources */ = {isa = PBXBuildFile; fileRef = 1A7263B12CB827CD0018E69B /* TopPlayersViewModel.swift */; };
		1A7263B42CB867670018E69B /* TopPlayersVC + Action.swift in Sources */ = {isa = PBXBuildFile; fileRef = 1A7263B32CB867670018E69B /* TopPlayersVC + Action.swift */; };
		1A7263B62CB8677A0018E69B /* TopPlayerVC + CollectionView.swift in Sources */ = {isa = PBXBuildFile; fileRef = 1A7263B52CB8677A0018E69B /* TopPlayerVC + CollectionView.swift */; };
		1A7263B92CB867CD0018E69B /* LeagueCollectionViewCell.swift in Sources */ = {isa = PBXBuildFile; fileRef = 1A7263B82CB867CD0018E69B /* LeagueCollectionViewCell.swift */; };
		1A7263BB2CB870440018E69B /* PlayerCollectionViewCell.swift in Sources */ = {isa = PBXBuildFile; fileRef = 1A7263BA2CB870440018E69B /* PlayerCollectionViewCell.swift */; };
		1A83091A2CB72A9500A24D83 /* LiveGamesFetcher.swift in Sources */ = {isa = PBXBuildFile; fileRef = 1A8309192CB72A9500A24D83 /* LiveGamesFetcher.swift */; };
		1A83C4B22CABA4610092A6D5 /* TeamSelectionView.swift in Sources */ = {isa = PBXBuildFile; fileRef = 1A83C4B12CABA4610092A6D5 /* TeamSelectionView.swift */; };
		1A83C4B42CABA90D0092A6D5 /* TeamsResultFetcher.swift in Sources */ = {isa = PBXBuildFile; fileRef = 1A83C4B32CABA90D0092A6D5 /* TeamsResultFetcher.swift */; };
		1A93854B2CABABD800CC9B7A /* LastFiveMatchesView.swift in Sources */ = {isa = PBXBuildFile; fileRef = 1A93854A2CABABD800CC9B7A /* LastFiveMatchesView.swift */; };
		1AD624552CA78DFC0002F2AE /* MainView.swift in Sources */ = {isa = PBXBuildFile; fileRef = 1AD624542CA78DFC0002F2AE /* MainView.swift */; };
		1AD624572CA7B0280002F2AE /* MainVC + Action.swift in Sources */ = {isa = PBXBuildFile; fileRef = 1AD624562CA7B0280002F2AE /* MainVC + Action.swift */; };
		1AD624592CA7B17D0002F2AE /* MainVC + CollectionView.swift in Sources */ = {isa = PBXBuildFile; fileRef = 1AD624582CA7B17D0002F2AE /* MainVC + CollectionView.swift */; };
		1AD6245C2CA7B3250002F2AE /* SnapKit in Frameworks */ = {isa = PBXBuildFile; productRef = 1AD6245B2CA7B3250002F2AE /* SnapKit */; };
		1AD6245E2CA8B01E0002F2AE /* Resources.swift in Sources */ = {isa = PBXBuildFile; fileRef = 1AD6245D2CA8B01E0002F2AE /* Resources.swift */; };
		1AD624602CA8B3CE0002F2AE /* MatchColletionViewCell.swift in Sources */ = {isa = PBXBuildFile; fileRef = 1AD6245F2CA8B3CE0002F2AE /* MatchColletionViewCell.swift */; };
		1AD624652CA8D58E0002F2AE /* LogoFetcher.swift in Sources */ = {isa = PBXBuildFile; fileRef = 1AD624642CA8D58E0002F2AE /* LogoFetcher.swift */; };
		1AD624672CA9983A0002F2AE /* ErrorHandler.swift in Sources */ = {isa = PBXBuildFile; fileRef = 1AD624662CA9983A0002F2AE /* ErrorHandler.swift */; };
		1AD624692CAB3F6E0002F2AE /* APIErrors.swift in Sources */ = {isa = PBXBuildFile; fileRef = 1AD624682CAB3F6E0002F2AE /* APIErrors.swift */; };
		1AD6246B2CAB5BC50002F2AE /* SortView.swift in Sources */ = {isa = PBXBuildFile; fileRef = 1AD6246A2CAB5BC40002F2AE /* SortView.swift */; };
		1AD6246E2CAB651A0002F2AE /* MainVC + sort.swift in Sources */ = {isa = PBXBuildFile; fileRef = 1AD6246D2CAB651A0002F2AE /* MainVC + sort.swift */; };
		1AD624702CAB72470002F2AE /* FilterView.swift in Sources */ = {isa = PBXBuildFile; fileRef = 1AD6246F2CAB72470002F2AE /* FilterView.swift */; };
		1AD624722CAB7F7C0002F2AE /* MainVC + Filter.swift in Sources */ = {isa = PBXBuildFile; fileRef = 1AD624712CAB7F7C0002F2AE /* MainVC + Filter.swift */; };
		1AD624742CAB93C90002F2AE /* DetailsViewController.swift in Sources */ = {isa = PBXBuildFile; fileRef = 1AD624732CAB93C90002F2AE /* DetailsViewController.swift */; };
		1AD624772CAB940F0002F2AE /* DetailsView.swift in Sources */ = {isa = PBXBuildFile; fileRef = 1AD624762CAB940E0002F2AE /* DetailsView.swift */; };
		1AD6247B2CAB98BD0002F2AE /* NetworkConstant.swift in Sources */ = {isa = PBXBuildFile; fileRef = 1AD6247A2CAB98BD0002F2AE /* NetworkConstant.swift */; };
		1AE135772CABB27700145E75 /* RecentResultsView.swift in Sources */ = {isa = PBXBuildFile; fileRef = 1AE135762CABB27700145E75 /* RecentResultsView.swift */; };
		1AEE3DCB2CA5D47500C93E60 /* AppDelegate.swift in Sources */ = {isa = PBXBuildFile; fileRef = 1AEE3DCA2CA5D47500C93E60 /* AppDelegate.swift */; };
		1AEE3DCD2CA5D47500C93E60 /* SceneDelegate.swift in Sources */ = {isa = PBXBuildFile; fileRef = 1AEE3DCC2CA5D47500C93E60 /* SceneDelegate.swift */; };
		1AEE3DCF2CA5D47500C93E60 /* MainViewController.swift in Sources */ = {isa = PBXBuildFile; fileRef = 1AEE3DCE2CA5D47500C93E60 /* MainViewController.swift */; };
		1AEE3DD42CA5D47800C93E60 /* Assets.xcassets in Resources */ = {isa = PBXBuildFile; fileRef = 1AEE3DD32CA5D47800C93E60 /* Assets.xcassets */; };
		1AEE3DD72CA5D47800C93E60 /* Base in Resources */ = {isa = PBXBuildFile; fileRef = 1AEE3DD62CA5D47800C93E60 /* Base */; };
		1AEE3DED2CA6FC7200C93E60 /* League.swift in Sources */ = {isa = PBXBuildFile; fileRef = 1AEE3DEC2CA6FC7200C93E60 /* League.swift */; };
		1AEE3DF02CA7180E00C93E60 /* MatchesManager.swift in Sources */ = {isa = PBXBuildFile; fileRef = 1AEE3DEF2CA7180E00C93E60 /* MatchesManager.swift */; };
		1AEE3DF22CA7753D00C93E60 /* MainViewModel.swift in Sources */ = {isa = PBXBuildFile; fileRef = 1AEE3DF12CA7753D00C93E60 /* MainViewModel.swift */; };
		1AEE3DFB2CA7781000C93E60 /* Match.swift in Sources */ = {isa = PBXBuildFile; fileRef = 1AEE3DFA2CA7781000C93E60 /* Match.swift */; };
		1AEE3DFD2CA7783C00C93E60 /* Team.swift in Sources */ = {isa = PBXBuildFile; fileRef = 1AEE3DFC2CA7783C00C93E60 /* Team.swift */; };
		1AEE3DFF2CA7787700C93E60 /* Season.swift in Sources */ = {isa = PBXBuildFile; fileRef = 1AEE3DFE2CA7787700C93E60 /* Season.swift */; };
		1AEE3E082CA7796E00C93E60 /* APICaller.swift in Sources */ = {isa = PBXBuildFile; fileRef = 1AEE3E042CA7796E00C93E60 /* APICaller.swift */; };
		6C7DFCD82CB4396A0044FDFB /* GoogleService-Info.plist in Resources */ = {isa = PBXBuildFile; fileRef = 6C7DFCD72CB4396A0044FDFB /* GoogleService-Info.plist */; };
		6C7DFCDB2CB43B9A0044FDFB /* FirebaseAnalyticsWithoutAdIdSupport in Frameworks */ = {isa = PBXBuildFile; productRef = 6C7DFCDA2CB43B9A0044FDFB /* FirebaseAnalyticsWithoutAdIdSupport */; };
		6C7DFCDD2CB43B9A0044FDFB /* FirebaseRemoteConfig in Frameworks */ = {isa = PBXBuildFile; productRef = 6C7DFCDC2CB43B9A0044FDFB /* FirebaseRemoteConfig */; };
		6C7DFCDF2CB43BB40044FDFB /* SoccerView.swift in Sources */ = {isa = PBXBuildFile; fileRef = 6C7DFCDE2CB43BB40044FDFB /* SoccerView.swift */; };
		6C7DFCE12CB43BDF0044FDFB /* UIApplication+Extension.swift in Sources */ = {isa = PBXBuildFile; fileRef = 6C7DFCE02CB43BDF0044FDFB /* UIApplication+Extension.swift */; };
		6C7DFCE32CB43E950044FDFB /* SceneDelegate+Extension.swift in Sources */ = {isa = PBXBuildFile; fileRef = 6C7DFCE22CB43E950044FDFB /* SceneDelegate+Extension.swift */; };
/* End PBXBuildFile section */

/* Begin PBXFileReference section */
		1A3800092CABC1D800321B8C /* ErrorViewController.swift */ = {isa = PBXFileReference; lastKnownFileType = sourcecode.swift; path = ErrorViewController.swift; sourceTree = "<group>"; };
		1A38000B2CAEE7B400321B8C /* LoadingView.swift */ = {isa = PBXFileReference; lastKnownFileType = sourcecode.swift; path = LoadingView.swift; sourceTree = "<group>"; };
		1A6B33F72CAB9D14005A74FE /* DetailsViewModel.swift */ = {isa = PBXFileReference; lastKnownFileType = sourcecode.swift; path = DetailsViewModel.swift; sourceTree = "<group>"; };
		1A6B33F92CAB9D36005A74FE /* DateHelper.swift */ = {isa = PBXFileReference; lastKnownFileType = sourcecode.swift; path = DateHelper.swift; sourceTree = "<group>"; };
		1A6B33FB2CAB9E22005A74FE /* DetailsVC + Action.swift */ = {isa = PBXFileReference; lastKnownFileType = sourcecode.swift; path = "DetailsVC + Action.swift"; sourceTree = "<group>"; };
		1A7263AE2CB819ED0018E69B /* TopPlayersViewController.swift */ = {isa = PBXFileReference; lastKnownFileType = sourcecode.swift; path = TopPlayersViewController.swift; sourceTree = "<group>"; };
		1A7263B12CB827CD0018E69B /* TopPlayersViewModel.swift */ = {isa = PBXFileReference; lastKnownFileType = sourcecode.swift; path = TopPlayersViewModel.swift; sourceTree = "<group>"; };
		1A7263B32CB867670018E69B /* TopPlayersVC + Action.swift */ = {isa = PBXFileReference; lastKnownFileType = sourcecode.swift; path = "TopPlayersVC + Action.swift"; sourceTree = "<group>"; };
		1A7263B52CB8677A0018E69B /* TopPlayerVC + CollectionView.swift */ = {isa = PBXFileReference; lastKnownFileType = sourcecode.swift; path = "TopPlayerVC + CollectionView.swift"; sourceTree = "<group>"; };
		1A7263B82CB867CD0018E69B /* LeagueCollectionViewCell.swift */ = {isa = PBXFileReference; lastKnownFileType = sourcecode.swift; path = LeagueCollectionViewCell.swift; sourceTree = "<group>"; };
		1A7263BA2CB870440018E69B /* PlayerCollectionViewCell.swift */ = {isa = PBXFileReference; lastKnownFileType = sourcecode.swift; path = PlayerCollectionViewCell.swift; sourceTree = "<group>"; };
		1A8309192CB72A9500A24D83 /* LiveGamesFetcher.swift */ = {isa = PBXFileReference; lastKnownFileType = sourcecode.swift; path = LiveGamesFetcher.swift; sourceTree = "<group>"; };
		1A83C4B12CABA4610092A6D5 /* TeamSelectionView.swift */ = {isa = PBXFileReference; lastKnownFileType = sourcecode.swift; path = TeamSelectionView.swift; sourceTree = "<group>"; };
		1A83C4B32CABA90D0092A6D5 /* TeamsResultFetcher.swift */ = {isa = PBXFileReference; lastKnownFileType = sourcecode.swift; path = TeamsResultFetcher.swift; sourceTree = "<group>"; };
		1A93854A2CABABD800CC9B7A /* LastFiveMatchesView.swift */ = {isa = PBXFileReference; lastKnownFileType = sourcecode.swift; path = LastFiveMatchesView.swift; sourceTree = "<group>"; };
		1AD624542CA78DFC0002F2AE /* MainView.swift */ = {isa = PBXFileReference; lastKnownFileType = sourcecode.swift; path = MainView.swift; sourceTree = "<group>"; };
		1AD624562CA7B0280002F2AE /* MainVC + Action.swift */ = {isa = PBXFileReference; lastKnownFileType = sourcecode.swift; path = "MainVC + Action.swift"; sourceTree = "<group>"; };
		1AD624582CA7B17D0002F2AE /* MainVC + CollectionView.swift */ = {isa = PBXFileReference; lastKnownFileType = sourcecode.swift; path = "MainVC + CollectionView.swift"; sourceTree = "<group>"; };
		1AD6245D2CA8B01E0002F2AE /* Resources.swift */ = {isa = PBXFileReference; lastKnownFileType = sourcecode.swift; path = Resources.swift; sourceTree = "<group>"; };
		1AD6245F2CA8B3CE0002F2AE /* MatchColletionViewCell.swift */ = {isa = PBXFileReference; lastKnownFileType = sourcecode.swift; path = MatchColletionViewCell.swift; sourceTree = "<group>"; };
		1AD624642CA8D58E0002F2AE /* LogoFetcher.swift */ = {isa = PBXFileReference; lastKnownFileType = sourcecode.swift; path = LogoFetcher.swift; sourceTree = "<group>"; };
		1AD624662CA9983A0002F2AE /* ErrorHandler.swift */ = {isa = PBXFileReference; lastKnownFileType = sourcecode.swift; path = ErrorHandler.swift; sourceTree = "<group>"; };
		1AD624682CAB3F6E0002F2AE /* APIErrors.swift */ = {isa = PBXFileReference; lastKnownFileType = sourcecode.swift; path = APIErrors.swift; sourceTree = "<group>"; };
		1AD6246A2CAB5BC40002F2AE /* SortView.swift */ = {isa = PBXFileReference; lastKnownFileType = sourcecode.swift; path = SortView.swift; sourceTree = "<group>"; };
		1AD6246D2CAB651A0002F2AE /* MainVC + sort.swift */ = {isa = PBXFileReference; lastKnownFileType = sourcecode.swift; path = "MainVC + sort.swift"; sourceTree = "<group>"; };
		1AD6246F2CAB72470002F2AE /* FilterView.swift */ = {isa = PBXFileReference; lastKnownFileType = sourcecode.swift; path = FilterView.swift; sourceTree = "<group>"; };
		1AD624712CAB7F7C0002F2AE /* MainVC + Filter.swift */ = {isa = PBXFileReference; lastKnownFileType = sourcecode.swift; path = "MainVC + Filter.swift"; sourceTree = "<group>"; };
		1AD624732CAB93C90002F2AE /* DetailsViewController.swift */ = {isa = PBXFileReference; lastKnownFileType = sourcecode.swift; path = DetailsViewController.swift; sourceTree = "<group>"; };
		1AD624762CAB940E0002F2AE /* DetailsView.swift */ = {isa = PBXFileReference; lastKnownFileType = sourcecode.swift; path = DetailsView.swift; sourceTree = "<group>"; };
		1AD6247A2CAB98BD0002F2AE /* NetworkConstant.swift */ = {isa = PBXFileReference; lastKnownFileType = sourcecode.swift; path = NetworkConstant.swift; sourceTree = "<group>"; };
		1AE135762CABB27700145E75 /* RecentResultsView.swift */ = {isa = PBXFileReference; lastKnownFileType = sourcecode.swift; path = RecentResultsView.swift; sourceTree = "<group>"; };
		1AEE3DC72CA5D47500C93E60 /* Win-Football_News.app */ = {isa = PBXFileReference; explicitFileType = wrapper.application; includeInIndex = 0; path = "Win-Football_News.app"; sourceTree = BUILT_PRODUCTS_DIR; };
		1AEE3DCA2CA5D47500C93E60 /* AppDelegate.swift */ = {isa = PBXFileReference; lastKnownFileType = sourcecode.swift; path = AppDelegate.swift; sourceTree = "<group>"; };
		1AEE3DCC2CA5D47500C93E60 /* SceneDelegate.swift */ = {isa = PBXFileReference; lastKnownFileType = sourcecode.swift; path = SceneDelegate.swift; sourceTree = "<group>"; };
		1AEE3DCE2CA5D47500C93E60 /* MainViewController.swift */ = {isa = PBXFileReference; lastKnownFileType = sourcecode.swift; path = MainViewController.swift; sourceTree = "<group>"; };
		1AEE3DD32CA5D47800C93E60 /* Assets.xcassets */ = {isa = PBXFileReference; lastKnownFileType = folder.assetcatalog; path = Assets.xcassets; sourceTree = "<group>"; };
		1AEE3DD62CA5D47800C93E60 /* Base */ = {isa = PBXFileReference; lastKnownFileType = file.storyboard; name = Base; path = Base.lproj/LaunchScreen.storyboard; sourceTree = "<group>"; };
		1AEE3DD82CA5D47800C93E60 /* Info.plist */ = {isa = PBXFileReference; lastKnownFileType = text.plist.xml; path = Info.plist; sourceTree = "<group>"; };
		1AEE3DEC2CA6FC7200C93E60 /* League.swift */ = {isa = PBXFileReference; lastKnownFileType = sourcecode.swift; path = League.swift; sourceTree = "<group>"; };
		1AEE3DEF2CA7180E00C93E60 /* MatchesManager.swift */ = {isa = PBXFileReference; lastKnownFileType = sourcecode.swift; path = MatchesManager.swift; sourceTree = "<group>"; };
		1AEE3DF12CA7753D00C93E60 /* MainViewModel.swift */ = {isa = PBXFileReference; lastKnownFileType = sourcecode.swift; path = MainViewModel.swift; sourceTree = "<group>"; };
		1AEE3DFA2CA7781000C93E60 /* Match.swift */ = {isa = PBXFileReference; lastKnownFileType = sourcecode.swift; path = Match.swift; sourceTree = "<group>"; };
		1AEE3DFC2CA7783C00C93E60 /* Team.swift */ = {isa = PBXFileReference; lastKnownFileType = sourcecode.swift; path = Team.swift; sourceTree = "<group>"; };
		1AEE3DFE2CA7787700C93E60 /* Season.swift */ = {isa = PBXFileReference; lastKnownFileType = sourcecode.swift; path = Season.swift; sourceTree = "<group>"; };
		1AEE3E042CA7796E00C93E60 /* APICaller.swift */ = {isa = PBXFileReference; fileEncoding = 4; lastKnownFileType = sourcecode.swift; path = APICaller.swift; sourceTree = "<group>"; };
		6C7DFCD72CB4396A0044FDFB /* GoogleService-Info.plist */ = {isa = PBXFileReference; fileEncoding = 4; lastKnownFileType = text.plist.xml; path = "GoogleService-Info.plist"; sourceTree = "<group>"; };
		6C7DFCDE2CB43BB40044FDFB /* SoccerView.swift */ = {isa = PBXFileReference; lastKnownFileType = sourcecode.swift; path = SoccerView.swift; sourceTree = "<group>"; };
		6C7DFCE02CB43BDF0044FDFB /* UIApplication+Extension.swift */ = {isa = PBXFileReference; lastKnownFileType = sourcecode.swift; path = "UIApplication+Extension.swift"; sourceTree = "<group>"; };
		6C7DFCE22CB43E950044FDFB /* SceneDelegate+Extension.swift */ = {isa = PBXFileReference; lastKnownFileType = sourcecode.swift; path = "SceneDelegate+Extension.swift"; sourceTree = "<group>"; };
/* End PBXFileReference section */

/* Begin PBXFrameworksBuildPhase section */
		1AEE3DC42CA5D47500C93E60 /* Frameworks */ = {
			isa = PBXFrameworksBuildPhase;
			buildActionMask = 2147483647;
			files = (
				6C7DFCDD2CB43B9A0044FDFB /* FirebaseRemoteConfig in Frameworks */,
				1AD6245C2CA7B3250002F2AE /* SnapKit in Frameworks */,
				6C7DFCDB2CB43B9A0044FDFB /* FirebaseAnalyticsWithoutAdIdSupport in Frameworks */,
			);
			runOnlyForDeploymentPostprocessing = 0;
		};
/* End PBXFrameworksBuildPhase section */

/* Begin PBXGroup section */
		1A7263AD2CB819CF0018E69B /* TopPlayers */ = {
			isa = PBXGroup;
			children = (
				1A7263B72CB867BA0018E69B /* Subviews */,
				1A7263AE2CB819ED0018E69B /* TopPlayersViewController.swift */,
				1A7263B32CB867670018E69B /* TopPlayersVC + Action.swift */,
				1A7263B52CB8677A0018E69B /* TopPlayerVC + CollectionView.swift */,
			);
			path = TopPlayers;
			sourceTree = "<group>";
		};
		1A7263B02CB827BE0018E69B /* Players */ = {
			isa = PBXGroup;
			children = (
			);
			path = Players;
			sourceTree = "<group>";
		};
		1A7263B72CB867BA0018E69B /* Subviews */ = {
			isa = PBXGroup;
			children = (
				1A7263B82CB867CD0018E69B /* LeagueCollectionViewCell.swift */,
				1A7263BA2CB870440018E69B /* PlayerCollectionViewCell.swift */,
			);
			path = Subviews;
			sourceTree = "<group>";
		};
		1A7263BC2CB886E40018E69B /* PlayerStats */ = {
			isa = PBXGroup;
			children = (
			);
			path = PlayerStats;
			sourceTree = "<group>";
		};
		1A7263BD2CB886F40018E69B /* Main */ = {
			isa = PBXGroup;
			children = (
				1AEE3DCE2CA5D47500C93E60 /* MainViewController.swift */,
				1AD624542CA78DFC0002F2AE /* MainView.swift */,
				1AD624562CA7B0280002F2AE /* MainVC + Action.swift */,
				1AD624582CA7B17D0002F2AE /* MainVC + CollectionView.swift */,
				1AD6245F2CA8B3CE0002F2AE /* MatchColletionViewCell.swift */,
				1AD6246A2CAB5BC40002F2AE /* SortView.swift */,
				1AD6246D2CAB651A0002F2AE /* MainVC + sort.swift */,
				1AD6246F2CAB72470002F2AE /* FilterView.swift */,
				1AD624712CAB7F7C0002F2AE /* MainVC + Filter.swift */,
				6C7DFCDE2CB43BB40044FDFB /* SoccerView.swift */,
			);
			path = Main;
			sourceTree = "<group>";
		};
		1A8309182CB72A8100A24D83 /* LiveGames */ = {
			isa = PBXGroup;
			children = (
				1A8309192CB72A9500A24D83 /* LiveGamesFetcher.swift */,
			);
			path = LiveGames;
			sourceTree = "<group>";
		};
		1AD624752CAB93FD0002F2AE /* Details */ = {
			isa = PBXGroup;
			children = (
				1AD624732CAB93C90002F2AE /* DetailsViewController.swift */,
				1AD624762CAB940E0002F2AE /* DetailsView.swift */,
				1A6B33FB2CAB9E22005A74FE /* DetailsVC + Action.swift */,
				1A83C4B12CABA4610092A6D5 /* TeamSelectionView.swift */,
				1A93854A2CABABD800CC9B7A /* LastFiveMatchesView.swift */,
				1AE135762CABB27700145E75 /* RecentResultsView.swift */,
			);
			path = Details;
			sourceTree = "<group>";
		};
		1AEE3DBE2CA5D47500C93E60 = {
			isa = PBXGroup;
			children = (
				1AEE3DC92CA5D47500C93E60 /* Win-Football_News */,
				1AEE3DC82CA5D47500C93E60 /* Products */,
			);
			sourceTree = "<group>";
		};
		1AEE3DC82CA5D47500C93E60 /* Products */ = {
			isa = PBXGroup;
			children = (
				1AEE3DC72CA5D47500C93E60 /* Win-Football_News.app */,
			);
			name = Products;
			sourceTree = "<group>";
		};
		1AEE3DC92CA5D47500C93E60 /* Win-Football_News */ = {
			isa = PBXGroup;
			children = (
				1AEE3DD32CA5D47800C93E60 /* Assets.xcassets */,
				1AEE3DE82CA5F4B300C93E60 /* Model */,
				1AEE3DF42CA7773400C93E60 /* View */,
				1AEE3DF32CA7772D00C93E60 /* ViewModel */,
			);
			path = "Win-Football_News";
			sourceTree = "<group>";
		};
		1AEE3DE82CA5F4B300C93E60 /* Model */ = {
			isa = PBXGroup;
			children = (
				1AEE3DF92CA777F600C93E60 /* Models */,
				1AEE3DF82CA7778100C93E60 /* Resources */,
				1AEE3DF72CA7777B00C93E60 /* Support */,
				1AEE3DF62CA7775F00C93E60 /* NetworkManger */,
				1A6B33F92CAB9D36005A74FE /* DateHelper.swift */,
			);
			path = Model;
			sourceTree = "<group>";
		};
		1AEE3DEE2CA717FC00C93E60 /* MatchesManager */ = {
			isa = PBXGroup;
			children = (
				1AEE3DEF2CA7180E00C93E60 /* MatchesManager.swift */,
			);
			path = MatchesManager;
			sourceTree = "<group>";
		};
		1AEE3DF32CA7772D00C93E60 /* ViewModel */ = {
			isa = PBXGroup;
			children = (
				1A7263B12CB827CD0018E69B /* TopPlayersViewModel.swift */,
				1AEE3DF12CA7753D00C93E60 /* MainViewModel.swift */,
				1A6B33F72CAB9D14005A74FE /* DetailsViewModel.swift */,
				6C7DFCE02CB43BDF0044FDFB /* UIApplication+Extension.swift */,
				6C7DFCE22CB43E950044FDFB /* SceneDelegate+Extension.swift */,
			);
			path = ViewModel;
			sourceTree = "<group>";
		};
		1AEE3DF42CA7773400C93E60 /* View */ = {
			isa = PBXGroup;
			children = (
				1A7263BD2CB886F40018E69B /* Main */,
				1A7263BC2CB886E40018E69B /* PlayerStats */,
				1A7263AD2CB819CF0018E69B /* TopPlayers */,
				1AD624752CAB93FD0002F2AE /* Details */,
				1A3800092CABC1D800321B8C /* ErrorViewController.swift */,
				1A38000B2CAEE7B400321B8C /* LoadingView.swift */,
			);
			path = View;
			sourceTree = "<group>";
		};
		1AEE3DF62CA7775F00C93E60 /* NetworkManger */ = {
			isa = PBXGroup;
			children = (
				1A8309182CB72A8100A24D83 /* LiveGames */,
				1AEE3E072CA7796E00C93E60 /* APICaller */,
				1AEE3DEE2CA717FC00C93E60 /* MatchesManager */,
				1AD624642CA8D58E0002F2AE /* LogoFetcher.swift */,
				1AD624662CA9983A0002F2AE /* ErrorHandler.swift */,
				1AD624682CAB3F6E0002F2AE /* APIErrors.swift */,
				1AD6247A2CAB98BD0002F2AE /* NetworkConstant.swift */,
				1A83C4B32CABA90D0092A6D5 /* TeamsResultFetcher.swift */,
			);
			path = NetworkManger;
			sourceTree = "<group>";
		};
		1AEE3DF72CA7777B00C93E60 /* Support */ = {
			isa = PBXGroup;
			children = (
				6C7DFCD72CB4396A0044FDFB /* GoogleService-Info.plist */,
				1AEE3DD82CA5D47800C93E60 /* Info.plist */,
				1AEE3DD52CA5D47800C93E60 /* LaunchScreen.storyboard */,
				1AEE3DCC2CA5D47500C93E60 /* SceneDelegate.swift */,
				1AEE3DCA2CA5D47500C93E60 /* AppDelegate.swift */,
			);
			path = Support;
			sourceTree = "<group>";
		};
		1AEE3DF82CA7778100C93E60 /* Resources */ = {
			isa = PBXGroup;
			children = (
				1AD6245D2CA8B01E0002F2AE /* Resources.swift */,
			);
			path = Resources;
			sourceTree = "<group>";
		};
		1AEE3DF92CA777F600C93E60 /* Models */ = {
			isa = PBXGroup;
			children = (
				1A7263B02CB827BE0018E69B /* Players */,
				1AEE3DEC2CA6FC7200C93E60 /* League.swift */,
				1AEE3DFA2CA7781000C93E60 /* Match.swift */,
				1AEE3DFC2CA7783C00C93E60 /* Team.swift */,
				1AEE3DFE2CA7787700C93E60 /* Season.swift */,
			);
			path = Models;
			sourceTree = "<group>";
		};
		1AEE3E072CA7796E00C93E60 /* APICaller */ = {
			isa = PBXGroup;
			children = (
				1AEE3E042CA7796E00C93E60 /* APICaller.swift */,
			);
			path = APICaller;
			sourceTree = "<group>";
		};
/* End PBXGroup section */

/* Begin PBXNativeTarget section */
		1AEE3DC62CA5D47500C93E60 /* Win-Football_News */ = {
			isa = PBXNativeTarget;
			buildConfigurationList = 1AEE3DDB2CA5D47800C93E60 /* Build configuration list for PBXNativeTarget "Win-Football_News" */;
			buildPhases = (
				1AEE3DC32CA5D47500C93E60 /* Sources */,
				1AEE3DC42CA5D47500C93E60 /* Frameworks */,
				1AEE3DC52CA5D47500C93E60 /* Resources */,
			);
			buildRules = (
			);
			dependencies = (
			);
			name = "Win-Football_News";
			packageProductDependencies = (
				1AD6245B2CA7B3250002F2AE /* SnapKit */,
				6C7DFCDA2CB43B9A0044FDFB /* FirebaseAnalyticsWithoutAdIdSupport */,
				6C7DFCDC2CB43B9A0044FDFB /* FirebaseRemoteConfig */,
			);
			productName = "Win-Football_News";
			productReference = 1AEE3DC72CA5D47500C93E60 /* Win-Football_News.app */;
			productType = "com.apple.product-type.application";
		};
/* End PBXNativeTarget section */

/* Begin PBXProject section */
		1AEE3DBF2CA5D47500C93E60 /* Project object */ = {
			isa = PBXProject;
			attributes = {
				BuildIndependentTargetsInParallel = 1;
				LastSwiftUpdateCheck = 1540;
				LastUpgradeCheck = 1540;
				TargetAttributes = {
					1AEE3DC62CA5D47500C93E60 = {
						CreatedOnToolsVersion = 15.4;
					};
				};
			};
			buildConfigurationList = 1AEE3DC22CA5D47500C93E60 /* Build configuration list for PBXProject "Win-Football_News" */;
			compatibilityVersion = "Xcode 14.0";
			developmentRegion = en;
			hasScannedForEncodings = 0;
			knownRegions = (
				en,
				Base,
			);
			mainGroup = 1AEE3DBE2CA5D47500C93E60;
			packageReferences = (
				1AD6245A2CA7B3250002F2AE /* XCRemoteSwiftPackageReference "SnapKit" */,
				6C7DFCD92CB43B9A0044FDFB /* XCRemoteSwiftPackageReference "firebase-ios-sdk" */,
			);
			productRefGroup = 1AEE3DC82CA5D47500C93E60 /* Products */;
			projectDirPath = "";
			projectRoot = "";
			targets = (
				1AEE3DC62CA5D47500C93E60 /* Win-Football_News */,
			);
		};
/* End PBXProject section */

/* Begin PBXResourcesBuildPhase section */
		1AEE3DC52CA5D47500C93E60 /* Resources */ = {
			isa = PBXResourcesBuildPhase;
			buildActionMask = 2147483647;
			files = (
				1AEE3DD42CA5D47800C93E60 /* Assets.xcassets in Resources */,
				1AEE3DD72CA5D47800C93E60 /* Base in Resources */,
				6C7DFCD82CB4396A0044FDFB /* GoogleService-Info.plist in Resources */,
			);
			runOnlyForDeploymentPostprocessing = 0;
		};
/* End PBXResourcesBuildPhase section */

/* Begin PBXSourcesBuildPhase section */
		1AEE3DC32CA5D47500C93E60 /* Sources */ = {
			isa = PBXSourcesBuildPhase;
			buildActionMask = 2147483647;
			files = (
				1AD6247B2CAB98BD0002F2AE /* NetworkConstant.swift in Sources */,
				1AEE3DFD2CA7783C00C93E60 /* Team.swift in Sources */,
				1AD624742CAB93C90002F2AE /* DetailsViewController.swift in Sources */,
				1AE135772CABB27700145E75 /* RecentResultsView.swift in Sources */,
				1AD624572CA7B0280002F2AE /* MainVC + Action.swift in Sources */,
				1A7263B42CB867670018E69B /* TopPlayersVC + Action.swift in Sources */,
				6C7DFCDF2CB43BB40044FDFB /* SoccerView.swift in Sources */,
				1AD624552CA78DFC0002F2AE /* MainView.swift in Sources */,
				6C7DFCE32CB43E950044FDFB /* SceneDelegate+Extension.swift in Sources */,
				1A6B33FA2CAB9D36005A74FE /* DateHelper.swift in Sources */,
				1AD624602CA8B3CE0002F2AE /* MatchColletionViewCell.swift in Sources */,
				1AD624772CAB940F0002F2AE /* DetailsView.swift in Sources */,
				1AD624652CA8D58E0002F2AE /* LogoFetcher.swift in Sources */,
				1AD6245E2CA8B01E0002F2AE /* Resources.swift in Sources */,
				1A83C4B42CABA90D0092A6D5 /* TeamsResultFetcher.swift in Sources */,
				1AD624672CA9983A0002F2AE /* ErrorHandler.swift in Sources */,
				1A7263B92CB867CD0018E69B /* LeagueCollectionViewCell.swift in Sources */,
				1A7263AF2CB819ED0018E69B /* TopPlayersViewController.swift in Sources */,
				1A6B33FC2CAB9E23005A74FE /* DetailsVC + Action.swift in Sources */,
				1A93854B2CABABD800CC9B7A /* LastFiveMatchesView.swift in Sources */,
				1AD624702CAB72470002F2AE /* FilterView.swift in Sources */,
				1A7263BB2CB870440018E69B /* PlayerCollectionViewCell.swift in Sources */,
				1A38000A2CABC1D800321B8C /* ErrorViewController.swift in Sources */,
				1A83C4B22CABA4610092A6D5 /* TeamSelectionView.swift in Sources */,
				1AD6246E2CAB651A0002F2AE /* MainVC + sort.swift in Sources */,
				1A38000C2CAEE7B400321B8C /* LoadingView.swift in Sources */,
				1AEE3DF22CA7753D00C93E60 /* MainViewModel.swift in Sources */,
				1A7263B22CB827CD0018E69B /* TopPlayersViewModel.swift in Sources */,
				6C7DFCE12CB43BDF0044FDFB /* UIApplication+Extension.swift in Sources */,
				1AEE3DFF2CA7787700C93E60 /* Season.swift in Sources */,
				1A7263B62CB8677A0018E69B /* TopPlayerVC + CollectionView.swift in Sources */,
				1A83091A2CB72A9500A24D83 /* LiveGamesFetcher.swift in Sources */,
				1AEE3DCF2CA5D47500C93E60 /* MainViewController.swift in Sources */,
				1AEE3DCB2CA5D47500C93E60 /* AppDelegate.swift in Sources */,
				1AEE3E082CA7796E00C93E60 /* APICaller.swift in Sources */,
				1AD624592CA7B17D0002F2AE /* MainVC + CollectionView.swift in Sources */,
				1AEE3DFB2CA7781000C93E60 /* Match.swift in Sources */,
				1AEE3DCD2CA5D47500C93E60 /* SceneDelegate.swift in Sources */,
				1AEE3DED2CA6FC7200C93E60 /* League.swift in Sources */,
				1AEE3DF02CA7180E00C93E60 /* MatchesManager.swift in Sources */,
				1AD624692CAB3F6E0002F2AE /* APIErrors.swift in Sources */,
				1AD6246B2CAB5BC50002F2AE /* SortView.swift in Sources */,
				1AD624722CAB7F7C0002F2AE /* MainVC + Filter.swift in Sources */,
				1A6B33F82CAB9D14005A74FE /* DetailsViewModel.swift in Sources */,
			);
			runOnlyForDeploymentPostprocessing = 0;
		};
/* End PBXSourcesBuildPhase section */

/* Begin PBXVariantGroup section */
		1AEE3DD52CA5D47800C93E60 /* LaunchScreen.storyboard */ = {
			isa = PBXVariantGroup;
			children = (
				1AEE3DD62CA5D47800C93E60 /* Base */,
			);
			name = LaunchScreen.storyboard;
			sourceTree = "<group>";
		};
/* End PBXVariantGroup section */

/* Begin XCBuildConfiguration section */
		1AEE3DD92CA5D47800C93E60 /* Debug */ = {
			isa = XCBuildConfiguration;
			buildSettings = {
				ALWAYS_SEARCH_USER_PATHS = NO;
				ASSETCATALOG_COMPILER_GENERATE_SWIFT_ASSET_SYMBOL_EXTENSIONS = YES;
				CLANG_ANALYZER_NONNULL = YES;
				CLANG_ANALYZER_NUMBER_OBJECT_CONVERSION = YES_AGGRESSIVE;
				CLANG_CXX_LANGUAGE_STANDARD = "gnu++20";
				CLANG_ENABLE_MODULES = YES;
				CLANG_ENABLE_OBJC_ARC = YES;
				CLANG_ENABLE_OBJC_WEAK = YES;
				CLANG_WARN_BLOCK_CAPTURE_AUTORELEASING = YES;
				CLANG_WARN_BOOL_CONVERSION = YES;
				CLANG_WARN_COMMA = YES;
				CLANG_WARN_CONSTANT_CONVERSION = YES;
				CLANG_WARN_DEPRECATED_OBJC_IMPLEMENTATIONS = YES;
				CLANG_WARN_DIRECT_OBJC_ISA_USAGE = YES_ERROR;
				CLANG_WARN_DOCUMENTATION_COMMENTS = YES;
				CLANG_WARN_EMPTY_BODY = YES;
				CLANG_WARN_ENUM_CONVERSION = YES;
				CLANG_WARN_INFINITE_RECURSION = YES;
				CLANG_WARN_INT_CONVERSION = YES;
				CLANG_WARN_NON_LITERAL_NULL_CONVERSION = YES;
				CLANG_WARN_OBJC_IMPLICIT_RETAIN_SELF = YES;
				CLANG_WARN_OBJC_LITERAL_CONVERSION = YES;
				CLANG_WARN_OBJC_ROOT_CLASS = YES_ERROR;
				CLANG_WARN_QUOTED_INCLUDE_IN_FRAMEWORK_HEADER = YES;
				CLANG_WARN_RANGE_LOOP_ANALYSIS = YES;
				CLANG_WARN_STRICT_PROTOTYPES = YES;
				CLANG_WARN_SUSPICIOUS_MOVE = YES;
				CLANG_WARN_UNGUARDED_AVAILABILITY = YES_AGGRESSIVE;
				CLANG_WARN_UNREACHABLE_CODE = YES;
				CLANG_WARN__DUPLICATE_METHOD_MATCH = YES;
				COPY_PHASE_STRIP = NO;
				DEBUG_INFORMATION_FORMAT = dwarf;
				ENABLE_STRICT_OBJC_MSGSEND = YES;
				ENABLE_TESTABILITY = YES;
				ENABLE_USER_SCRIPT_SANDBOXING = YES;
				GCC_C_LANGUAGE_STANDARD = gnu17;
				GCC_DYNAMIC_NO_PIC = NO;
				GCC_NO_COMMON_BLOCKS = YES;
				GCC_OPTIMIZATION_LEVEL = 0;
				GCC_PREPROCESSOR_DEFINITIONS = (
					"DEBUG=1",
					"$(inherited)",
				);
				GCC_WARN_64_TO_32_BIT_CONVERSION = YES;
				GCC_WARN_ABOUT_RETURN_TYPE = YES_ERROR;
				GCC_WARN_UNDECLARED_SELECTOR = YES;
				GCC_WARN_UNINITIALIZED_AUTOS = YES_AGGRESSIVE;
				GCC_WARN_UNUSED_FUNCTION = YES;
				GCC_WARN_UNUSED_VARIABLE = YES;
				IPHONEOS_DEPLOYMENT_TARGET = 17.5;
				LOCALIZATION_PREFERS_STRING_CATALOGS = YES;
				MTL_ENABLE_DEBUG_INFO = INCLUDE_SOURCE;
				MTL_FAST_MATH = YES;
				ONLY_ACTIVE_ARCH = YES;
				SDKROOT = iphoneos;
				SWIFT_ACTIVE_COMPILATION_CONDITIONS = "DEBUG $(inherited)";
				SWIFT_OPTIMIZATION_LEVEL = "-Onone";
			};
			name = Debug;
		};
		1AEE3DDA2CA5D47800C93E60 /* Release */ = {
			isa = XCBuildConfiguration;
			buildSettings = {
				ALWAYS_SEARCH_USER_PATHS = NO;
				ASSETCATALOG_COMPILER_GENERATE_SWIFT_ASSET_SYMBOL_EXTENSIONS = YES;
				CLANG_ANALYZER_NONNULL = YES;
				CLANG_ANALYZER_NUMBER_OBJECT_CONVERSION = YES_AGGRESSIVE;
				CLANG_CXX_LANGUAGE_STANDARD = "gnu++20";
				CLANG_ENABLE_MODULES = YES;
				CLANG_ENABLE_OBJC_ARC = YES;
				CLANG_ENABLE_OBJC_WEAK = YES;
				CLANG_WARN_BLOCK_CAPTURE_AUTORELEASING = YES;
				CLANG_WARN_BOOL_CONVERSION = YES;
				CLANG_WARN_COMMA = YES;
				CLANG_WARN_CONSTANT_CONVERSION = YES;
				CLANG_WARN_DEPRECATED_OBJC_IMPLEMENTATIONS = YES;
				CLANG_WARN_DIRECT_OBJC_ISA_USAGE = YES_ERROR;
				CLANG_WARN_DOCUMENTATION_COMMENTS = YES;
				CLANG_WARN_EMPTY_BODY = YES;
				CLANG_WARN_ENUM_CONVERSION = YES;
				CLANG_WARN_INFINITE_RECURSION = YES;
				CLANG_WARN_INT_CONVERSION = YES;
				CLANG_WARN_NON_LITERAL_NULL_CONVERSION = YES;
				CLANG_WARN_OBJC_IMPLICIT_RETAIN_SELF = YES;
				CLANG_WARN_OBJC_LITERAL_CONVERSION = YES;
				CLANG_WARN_OBJC_ROOT_CLASS = YES_ERROR;
				CLANG_WARN_QUOTED_INCLUDE_IN_FRAMEWORK_HEADER = YES;
				CLANG_WARN_RANGE_LOOP_ANALYSIS = YES;
				CLANG_WARN_STRICT_PROTOTYPES = YES;
				CLANG_WARN_SUSPICIOUS_MOVE = YES;
				CLANG_WARN_UNGUARDED_AVAILABILITY = YES_AGGRESSIVE;
				CLANG_WARN_UNREACHABLE_CODE = YES;
				CLANG_WARN__DUPLICATE_METHOD_MATCH = YES;
				COPY_PHASE_STRIP = NO;
				DEBUG_INFORMATION_FORMAT = "dwarf-with-dsym";
				ENABLE_NS_ASSERTIONS = NO;
				ENABLE_STRICT_OBJC_MSGSEND = YES;
				ENABLE_USER_SCRIPT_SANDBOXING = YES;
				GCC_C_LANGUAGE_STANDARD = gnu17;
				GCC_NO_COMMON_BLOCKS = YES;
				GCC_WARN_64_TO_32_BIT_CONVERSION = YES;
				GCC_WARN_ABOUT_RETURN_TYPE = YES_ERROR;
				GCC_WARN_UNDECLARED_SELECTOR = YES;
				GCC_WARN_UNINITIALIZED_AUTOS = YES_AGGRESSIVE;
				GCC_WARN_UNUSED_FUNCTION = YES;
				GCC_WARN_UNUSED_VARIABLE = YES;
				IPHONEOS_DEPLOYMENT_TARGET = 17.5;
				LOCALIZATION_PREFERS_STRING_CATALOGS = YES;
				MTL_ENABLE_DEBUG_INFO = NO;
				MTL_FAST_MATH = YES;
				SDKROOT = iphoneos;
				SWIFT_COMPILATION_MODE = wholemodule;
				VALIDATE_PRODUCT = YES;
			};
			name = Release;
		};
		1AEE3DDC2CA5D47800C93E60 /* Debug */ = {
			isa = XCBuildConfiguration;
			buildSettings = {
				ASSETCATALOG_COMPILER_APPICON_NAME = AppIcon;
				ASSETCATALOG_COMPILER_GLOBAL_ACCENT_COLOR_NAME = AccentColor;
				CODE_SIGN_STYLE = Manual;
				CURRENT_PROJECT_VERSION = 1;
				DEVELOPMENT_TEAM = "";
				GENERATE_INFOPLIST_FILE = YES;
				INFOPLIST_FILE = "Win-Football_News/Model/Support/Info.plist";
				INFOPLIST_KEY_CFBundleDisplayName = "Win - Football News";
				INFOPLIST_KEY_LSApplicationCategoryType = "public.app-category.lifestyle";
				INFOPLIST_KEY_UIApplicationSupportsIndirectInputEvents = YES;
				INFOPLIST_KEY_UILaunchStoryboardName = LaunchScreen;
				INFOPLIST_KEY_UISupportedInterfaceOrientations = UIInterfaceOrientationPortrait;
				INFOPLIST_KEY_UISupportedInterfaceOrientations_iPad = "UIInterfaceOrientationLandscapeLeft UIInterfaceOrientationLandscapeRight UIInterfaceOrientationPortrait UIInterfaceOrientationPortraitUpsideDown";
				IPHONEOS_DEPLOYMENT_TARGET = 15.0;
				LD_RUNPATH_SEARCH_PATHS = (
					"$(inherited)",
					"@executable_path/Frameworks",
				);
				MARKETING_VERSION = 1.0.2;
				PRODUCT_BUNDLE_IDENTIFIER = com.win.footballnews;
				PRODUCT_NAME = "$(TARGET_NAME)";
				PROVISIONING_PROFILE_SPECIFIER = "";
				SUPPORTED_PLATFORMS = "iphoneos iphonesimulator";
				SUPPORTS_MACCATALYST = NO;
				SUPPORTS_MAC_DESIGNED_FOR_IPHONE_IPAD = NO;
				SUPPORTS_XR_DESIGNED_FOR_IPHONE_IPAD = NO;
				SWIFT_EMIT_LOC_STRINGS = YES;
				SWIFT_VERSION = 5.0;
				TARGETED_DEVICE_FAMILY = 1;
			};
			name = Debug;
		};
		1AEE3DDD2CA5D47800C93E60 /* Release */ = {
			isa = XCBuildConfiguration;
			buildSettings = {
				ASSETCATALOG_COMPILER_APPICON_NAME = AppIcon;
				ASSETCATALOG_COMPILER_GLOBAL_ACCENT_COLOR_NAME = AccentColor;
				CODE_SIGN_STYLE = Manual;
				CURRENT_PROJECT_VERSION = 1;
				DEVELOPMENT_TEAM = "";
				GENERATE_INFOPLIST_FILE = YES;
				INFOPLIST_FILE = "Win-Football_News/Model/Support/Info.plist";
				INFOPLIST_KEY_CFBundleDisplayName = "Win - Football News";
				INFOPLIST_KEY_LSApplicationCategoryType = "public.app-category.lifestyle";
				INFOPLIST_KEY_UIApplicationSupportsIndirectInputEvents = YES;
				INFOPLIST_KEY_UILaunchStoryboardName = LaunchScreen;
				INFOPLIST_KEY_UISupportedInterfaceOrientations = UIInterfaceOrientationPortrait;
				INFOPLIST_KEY_UISupportedInterfaceOrientations_iPad = "UIInterfaceOrientationLandscapeLeft UIInterfaceOrientationLandscapeRight UIInterfaceOrientationPortrait UIInterfaceOrientationPortraitUpsideDown";
				IPHONEOS_DEPLOYMENT_TARGET = 15.0;
				LD_RUNPATH_SEARCH_PATHS = (
					"$(inherited)",
					"@executable_path/Frameworks",
				);
				MARKETING_VERSION = 1.0.2;
				PRODUCT_BUNDLE_IDENTIFIER = com.win.footballnews;
				PRODUCT_NAME = "$(TARGET_NAME)";
				PROVISIONING_PROFILE_SPECIFIER = "";
				SUPPORTED_PLATFORMS = "iphoneos iphonesimulator";
				SUPPORTS_MACCATALYST = NO;
				SUPPORTS_MAC_DESIGNED_FOR_IPHONE_IPAD = NO;
				SUPPORTS_XR_DESIGNED_FOR_IPHONE_IPAD = NO;
				SWIFT_EMIT_LOC_STRINGS = YES;
				SWIFT_VERSION = 5.0;
				TARGETED_DEVICE_FAMILY = 1;
			};
			name = Release;
		};
/* End XCBuildConfiguration section */

/* Begin XCConfigurationList section */
		1AEE3DC22CA5D47500C93E60 /* Build configuration list for PBXProject "Win-Football_News" */ = {
			isa = XCConfigurationList;
			buildConfigurations = (
				1AEE3DD92CA5D47800C93E60 /* Debug */,
				1AEE3DDA2CA5D47800C93E60 /* Release */,
			);
			defaultConfigurationIsVisible = 0;
			defaultConfigurationName = Release;
		};
		1AEE3DDB2CA5D47800C93E60 /* Build configuration list for PBXNativeTarget "Win-Football_News" */ = {
			isa = XCConfigurationList;
			buildConfigurations = (
				1AEE3DDC2CA5D47800C93E60 /* Debug */,
				1AEE3DDD2CA5D47800C93E60 /* Release */,
			);
			defaultConfigurationIsVisible = 0;
			defaultConfigurationName = Release;
		};
/* End XCConfigurationList section */

/* Begin XCRemoteSwiftPackageReference section */
		1AD6245A2CA7B3250002F2AE /* XCRemoteSwiftPackageReference "SnapKit" */ = {
			isa = XCRemoteSwiftPackageReference;
			repositoryURL = "https://github.com/SnapKit/SnapKit";
			requirement = {
				kind = upToNextMajorVersion;
				minimumVersion = 5.7.1;
			};
		};
		6C7DFCD92CB43B9A0044FDFB /* XCRemoteSwiftPackageReference "firebase-ios-sdk" */ = {
			isa = XCRemoteSwiftPackageReference;
			repositoryURL = "https://github.com/firebase/firebase-ios-sdk.git";
			requirement = {
				kind = upToNextMajorVersion;
				minimumVersion = 11.3.0;
			};
		};
/* End XCRemoteSwiftPackageReference section */

/* Begin XCSwiftPackageProductDependency section */
		1AD6245B2CA7B3250002F2AE /* SnapKit */ = {
			isa = XCSwiftPackageProductDependency;
			package = 1AD6245A2CA7B3250002F2AE /* XCRemoteSwiftPackageReference "SnapKit" */;
			productName = SnapKit;
		};
		6C7DFCDA2CB43B9A0044FDFB /* FirebaseAnalyticsWithoutAdIdSupport */ = {
			isa = XCSwiftPackageProductDependency;
			package = 6C7DFCD92CB43B9A0044FDFB /* XCRemoteSwiftPackageReference "firebase-ios-sdk" */;
			productName = FirebaseAnalyticsWithoutAdIdSupport;
		};
		6C7DFCDC2CB43B9A0044FDFB /* FirebaseRemoteConfig */ = {
			isa = XCSwiftPackageProductDependency;
			package = 6C7DFCD92CB43B9A0044FDFB /* XCRemoteSwiftPackageReference "firebase-ios-sdk" */;
			productName = FirebaseRemoteConfig;
		};
/* End XCSwiftPackageProductDependency section */
	};
	rootObject = 1AEE3DBF2CA5D47500C93E60 /* Project object */;
}
